
Microsoft Visual Studio Solution File, Format Version 12.00
# Visual Studio Version 17
VisualStudioVersion = 17.1.32414.318
MinimumVisualStudioVersion = 10.0.40219.1
Project("{FAE04EC0-301F-11D3-BF4B-00C04F79EFBC}") = "lab1", "lab1\lab1.csproj", "{4FC2092B-40B5-4E52-A226-F3D86034CDBD}"
EndProject
Global
	GlobalSection(SolutionConfigurationPlatforms) = preSolution
		Debug|Any CPU = Debug|Any CPU
		Release|Any CPU = Release|Any CPU
	EndGlobalSection
	GlobalSection(ProjectConfigurationPlatforms) = postSolution
		{4FC2092B-40B5-4E52-A226-F3D86034CDBD}.Debug|Any CPU.ActiveCfg = Debug|Any CPU
		{4FC2092B-40B5-4E52-A226-F3D86034CDBD}.Debug|Any CPU.Build.0 = Debug|Any CPU
		{4FC2092B-40B5-4E52-A226-F3D86034CDBD}.Release|Any CPU.ActiveCfg = Release|Any CPU
		{4FC2092B-40B5-4E52-A226-F3D86034CDBD}.Release|Any CPU.Build.0 = Release|Any CPU
	EndGlobalSection
	GlobalSection(SolutionProperties) = preSolution
		HideSolutionNode = FALSE
	EndGlobalSection
	GlobalSection(ExtensibilityGlobals) = postSolution
		SolutionGuid = {1AC7A0E8-9B71-41F4-9D8B-7C36AFA7B54D}
	EndGlobalSection
EndGlobal
